
Microsoft Visual Studio Solution File, Format Version 12.00
# Visual Studio Version 17
VisualStudioVersion = 17.3.32929.385
MinimumVisualStudioVersion = 10.0.40219.1
Project("{FAE04EC0-301F-11D3-BF4B-00C04F79EFBC}") = "Server", "Server\Server.csproj", "{A7DB575C-CDF9-4563-8370-6C08B1085A1A}"
EndProject
Project("{FAE04EC0-301F-11D3-BF4B-00C04F79EFBC}") = "Client", "Client\Client.csproj", "{2C7C0215-1EF8-4AD3-A8D0-025DE7AFF122}"
EndProject
Global
	GlobalSection(SolutionConfigurationPlatforms) = preSolution
		Debug|Any CPU = Debug|Any CPU
		Release|Any CPU = Release|Any CPU
	EndGlobalSection
	GlobalSection(ProjectConfigurationPlatforms) = postSolution
		{A7DB575C-CDF9-4563-8370-6C08B1085A1A}.Debug|Any CPU.ActiveCfg = Debug|Any CPU
		{A7DB575C-CDF9-4563-8370-6C08B1085A1A}.Debug|Any CPU.Build.0 = Debug|Any CPU
		{A7DB575C-CDF9-4563-8370-6C08B1085A1A}.Release|Any CPU.ActiveCfg = Release|Any CPU
		{A7DB575C-CDF9-4563-8370-6C08B1085A1A}.Release|Any CPU.Build.0 = Release|Any CPU
		{2C7C0215-1EF8-4AD3-A8D0-025DE7AFF122}.Debug|Any CPU.ActiveCfg = Debug|Any CPU
		{2C7C0215-1EF8-4AD3-A8D0-025DE7AFF122}.Debug|Any CPU.Build.0 = Debug|Any CPU
		{2C7C0215-1EF8-4AD3-A8D0-025DE7AFF122}.Release|Any CPU.ActiveCfg = Release|Any CPU
		{2C7C0215-1EF8-4AD3-A8D0-025DE7AFF122}.Release|Any CPU.Build.0 = Release|Any CPU
	EndGlobalSection
	GlobalSection(SolutionProperties) = preSolution
		HideSolutionNode = FALSE
	EndGlobalSection
	GlobalSection(ExtensibilityGlobals) = postSolution
		SolutionGuid = {FF5EF382-A23A-4A34-A055-1A15CCD8397B}
	EndGlobalSection
EndGlobal
